
Microsoft Visual Studio Solution File, Format Version 12.00
# Visual Studio Version 17
VisualStudioVersion = 17.7.34031.279
MinimumVisualStudioVersion = 10.0.40219.1
Project("{FAE04EC0-301F-11D3-BF4B-00C04F79EFBC}") = "BackendSchedule.Domain", "BackendSchedule.Domain\BackendSchedule.Domain.csproj", "{08A3E025-C66B-442B-B7DE-FB7AF0123A2F}"
EndProject
Project("{FAE04EC0-301F-11D3-BF4B-00C04F79EFBC}") = "BackendSchedule.Application", "BackendSchedule.Application\BackendSchedule.Application.csproj", "{5E700B26-2BB7-4A56-B02C-AA6DF4DE78B6}"
EndProject
Project("{FAE04EC0-301F-11D3-BF4B-00C04F79EFBC}") = "BackendSchedule.Infrastructure", "BackendSchedule.Infrastructure\BackendSchedule.Infrastructure.csproj", "{84CE2B5F-80C2-4F12-8E29-9CB3D62ED611}"
EndProject
Project("{FAE04EC0-301F-11D3-BF4B-00C04F79EFBC}") = "BackendSchedule.CrossCutting", "BackendSchedule.CrossCutting\BackendSchedule.CrossCutting.csproj", "{F03E1095-CE66-43EE-BDFD-454D0A82160A}"
EndProject
Project("{FAE04EC0-301F-11D3-BF4B-00C04F79EFBC}") = "BackendSchedule.API", "BackendSchedule.API\BackendSchedule.API.csproj", "{286490BF-F40A-46FF-97B7-9CCEC1C2871D}"
EndProject
Global
	GlobalSection(SolutionConfigurationPlatforms) = preSolution
		Debug|Any CPU = Debug|Any CPU
		Release|Any CPU = Release|Any CPU
	EndGlobalSection
	GlobalSection(ProjectConfigurationPlatforms) = postSolution
		{08A3E025-C66B-442B-B7DE-FB7AF0123A2F}.Debug|Any CPU.ActiveCfg = Debug|Any CPU
		{08A3E025-C66B-442B-B7DE-FB7AF0123A2F}.Debug|Any CPU.Build.0 = Debug|Any CPU
		{08A3E025-C66B-442B-B7DE-FB7AF0123A2F}.Release|Any CPU.ActiveCfg = Release|Any CPU
		{08A3E025-C66B-442B-B7DE-FB7AF0123A2F}.Release|Any CPU.Build.0 = Release|Any CPU
		{5E700B26-2BB7-4A56-B02C-AA6DF4DE78B6}.Debug|Any CPU.ActiveCfg = Debug|Any CPU
		{5E700B26-2BB7-4A56-B02C-AA6DF4DE78B6}.Debug|Any CPU.Build.0 = Debug|Any CPU
		{5E700B26-2BB7-4A56-B02C-AA6DF4DE78B6}.Release|Any CPU.ActiveCfg = Release|Any CPU
		{5E700B26-2BB7-4A56-B02C-AA6DF4DE78B6}.Release|Any CPU.Build.0 = Release|Any CPU
		{84CE2B5F-80C2-4F12-8E29-9CB3D62ED611}.Debug|Any CPU.ActiveCfg = Debug|Any CPU
		{84CE2B5F-80C2-4F12-8E29-9CB3D62ED611}.Debug|Any CPU.Build.0 = Debug|Any CPU
		{84CE2B5F-80C2-4F12-8E29-9CB3D62ED611}.Release|Any CPU.ActiveCfg = Release|Any CPU
		{84CE2B5F-80C2-4F12-8E29-9CB3D62ED611}.Release|Any CPU.Build.0 = Release|Any CPU
		{F03E1095-CE66-43EE-BDFD-454D0A82160A}.Debug|Any CPU.ActiveCfg = Debug|Any CPU
		{F03E1095-CE66-43EE-BDFD-454D0A82160A}.Debug|Any CPU.Build.0 = Debug|Any CPU
		{F03E1095-CE66-43EE-BDFD-454D0A82160A}.Release|Any CPU.ActiveCfg = Release|Any CPU
		{F03E1095-CE66-43EE-BDFD-454D0A82160A}.Release|Any CPU.Build.0 = Release|Any CPU
		{286490BF-F40A-46FF-97B7-9CCEC1C2871D}.Debug|Any CPU.ActiveCfg = Debug|Any CPU
		{286490BF-F40A-46FF-97B7-9CCEC1C2871D}.Debug|Any CPU.Build.0 = Debug|Any CPU
		{286490BF-F40A-46FF-97B7-9CCEC1C2871D}.Release|Any CPU.ActiveCfg = Release|Any CPU
		{286490BF-F40A-46FF-97B7-9CCEC1C2871D}.Release|Any CPU.Build.0 = Release|Any CPU
	EndGlobalSection
	GlobalSection(SolutionProperties) = preSolution
		HideSolutionNode = FALSE
	EndGlobalSection
	GlobalSection(ExtensibilityGlobals) = postSolution
		SolutionGuid = {48B4077E-827E-471C-8624-1188EAFD60D4}
	EndGlobalSection
EndGlobal
